
Microsoft Visual Studio Solution File, Format Version 12.00
# Visual Studio 15
VisualStudioVersion = 15.0.28307.271
MinimumVisualStudioVersion = 10.0.40219.1
Project("{FAE04EC0-301F-11D3-BF4B-00C04F79EFBC}") = "GarlicStore.WebMVC", "GarlicStore.WebMVC\GarlicStore.WebMVC.csproj", "{ECB2BCF8-3DBD-45D9-AD53-E3BC7FA901B5}"
EndProject
Global
	GlobalSection(SolutionConfigurationPlatforms) = preSolution
		Debug|Any CPU = Debug|Any CPU
		Release|Any CPU = Release|Any CPU
	EndGlobalSection
	GlobalSection(ProjectConfigurationPlatforms) = postSolution
		{ECB2BCF8-3DBD-45D9-AD53-E3BC7FA901B5}.Debug|Any CPU.ActiveCfg = Debug|Any CPU
		{ECB2BCF8-3DBD-45D9-AD53-E3BC7FA901B5}.Debug|Any CPU.Build.0 = Debug|Any CPU
		{ECB2BCF8-3DBD-45D9-AD53-E3BC7FA901B5}.Release|Any CPU.ActiveCfg = Release|Any CPU
		{ECB2BCF8-3DBD-45D9-AD53-E3BC7FA901B5}.Release|Any CPU.Build.0 = Release|Any CPU
	EndGlobalSection
	GlobalSection(SolutionProperties) = preSolution
		HideSolutionNode = FALSE
	EndGlobalSection
	GlobalSection(ExtensibilityGlobals) = postSolution
		SolutionGuid = {2DD6EF62-825A-411E-AA37-663C309BA819}
	EndGlobalSection
EndGlobal
